dependencies:
  espressif/cmake_utilities:
    component_hash: 351350613ceafba240b761b4ea991e0f231ac7a9f59a9ee901f751bddc0bb18f
    dependencies:
    - name: idf
      require: private
      version: '>=4.1'
    source:
      registry_url: https://components.espressif.com
      type: service
    version: 0.5.3
  espressif/esp_lcd_gc9a01:
    component_hash: e60bc2b5649c7679bd010797a875ae64b2a57cf9cdbd6a2bf7a0ade66913edc0
    dependencies:
    - name: espressif/cmake_utilities
      registry_url: https://components.espressif.com
      require: private
      version: 0.*
    - name: idf
      require: private
      version: '>=4.4'
    source:
      registry_url: https://components.espressif.com/
      type: service
    version: 2.0.4
  idf:
    source:
      type: idf
    version: 6.0.2
direct_dependencies:
- espressif/esp_lcd_gc9a01
manifest_hash: 353d34189744a52050a71d05d96c720438aaa9826e294272b5d0940cab84381a
target: esp32
version: 3.0.0
